
Microsoft Visual Studio Solution File, Format Version 12.00
# Visual Studio 2012
Project("{8BC9CEB8-8B4A-11D0-8D11-00A0C91BC942}") = "Euler_5", "Euler_5\Euler_5.vcxproj", "{0A1969D8-7841-4B23-A8D8-B57FAB7D7CDF}"
EndProject
Global
	GlobalSection(SolutionConfigurationPlatforms) = preSolution
		Debug|Win32 = Debug|Win32
		Release|Win32 = Release|Win32
	EndGlobalSection
	GlobalSection(ProjectConfigurationPlatforms) = postSolution
		{0A1969D8-7841-4B23-A8D8-B57FAB7D7CDF}.Debug|Win32.ActiveCfg = Debug|Win32
		{0A1969D8-7841-4B23-A8D8-B57FAB7D7CDF}.Debug|Win32.Build.0 = Debug|Win32
		{0A1969D8-7841-4B23-A8D8-B57FAB7D7CDF}.Release|Win32.ActiveCfg = Release|Win32
		{0A1969D8-7841-4B23-A8D8-B57FAB7D7CDF}.Release|Win32.Build.0 = Release|Win32
	EndGlobalSection
	GlobalSection(SolutionProperties) = preSolution
		HideSolutionNode = FALSE
	EndGlobalSection
EndGlobal
